
Microsoft Visual Studio Solution File, Format Version 12.00
# Visual Studio Version 17
VisualStudioVersion = 17.12.35527.113
MinimumVisualStudioVersion = 10.0.40219.1
Project("{9A19103F-16F7-4668-BE54-9A1E7A4F7556}") = "Kolcsonzo", "Kolcsonzo.csproj", "{CC275DC7-2057-4E96-8BD2-11B100A89F57}"
EndProject
Project("{FAE04EC0-301F-11D3-BF4B-00C04F79EFBC}") = "WpfApp1", "..\WpfApp1\WpfApp1.csproj", "{E6364D4E-4E89-48A2-9B46-60537335B830}"
EndProject
Global
	GlobalSection(SolutionConfigurationPlatforms) = preSolution
		Debug|Any CPU = Debug|Any CPU
		Release|Any CPU = Release|Any CPU
	EndGlobalSection
	GlobalSection(ProjectConfigurationPlatforms) = postSolution
		{CC275DC7-2057-4E96-8BD2-11B100A89F57}.Debug|Any CPU.ActiveCfg = Debug|Any CPU
		{CC275DC7-2057-4E96-8BD2-11B100A89F57}.Debug|Any CPU.Build.0 = Debug|Any CPU
		{CC275DC7-2057-4E96-8BD2-11B100A89F57}.Release|Any CPU.ActiveCfg = Release|Any CPU
		{CC275DC7-2057-4E96-8BD2-11B100A89F57}.Release|Any CPU.Build.0 = Release|Any CPU
		{E6364D4E-4E89-48A2-9B46-60537335B830}.Debug|Any CPU.ActiveCfg = Debug|Any CPU
		{E6364D4E-4E89-48A2-9B46-60537335B830}.Debug|Any CPU.Build.0 = Debug|Any CPU
		{E6364D4E-4E89-48A2-9B46-60537335B830}.Release|Any CPU.ActiveCfg = Release|Any CPU
		{E6364D4E-4E89-48A2-9B46-60537335B830}.Release|Any CPU.Build.0 = Release|Any CPU
	EndGlobalSection
	GlobalSection(SolutionProperties) = preSolution
		HideSolutionNode = FALSE
	EndGlobalSection
	GlobalSection(ExtensibilityGlobals) = postSolution
		SolutionGuid = {CEDDACB9-6A69-4434-B141-A3707C0B5A56}
	EndGlobalSection
EndGlobal
